
Microsoft Visual Studio Solution File, Format Version 12.00
# Visual Studio 15
VisualStudioVersion = 15.0.26730.16
MinimumVisualStudioVersion = 10.0.40219.1
Project("{FAE04EC0-301F-11D3-BF4B-00C04F79EFBC}") = "ElsoProgramom", "ElsoProgramom\ElsoProgramom.csproj", "{7E5E8488-4126-410B-9471-BD67BD17361E}"
EndProject
Global
	GlobalSection(SolutionConfigurationPlatforms) = preSolution
		Debug|Any CPU = Debug|Any CPU
		Release|Any CPU = Release|Any CPU
	EndGlobalSection
	GlobalSection(ProjectConfigurationPlatforms) = postSolution
		{7E5E8488-4126-410B-9471-BD67BD17361E}.Debug|Any CPU.ActiveCfg = Debug|Any CPU
		{7E5E8488-4126-410B-9471-BD67BD17361E}.Debug|Any CPU.Build.0 = Debug|Any CPU
		{7E5E8488-4126-410B-9471-BD67BD17361E}.Release|Any CPU.ActiveCfg = Release|Any CPU
		{7E5E8488-4126-410B-9471-BD67BD17361E}.Release|Any CPU.Build.0 = Release|Any CPU
	EndGlobalSection
	GlobalSection(SolutionProperties) = preSolution
		HideSolutionNode = FALSE
	EndGlobalSection
	GlobalSection(ExtensibilityGlobals) = postSolution
		SolutionGuid = {FBF5F763-F0C4-4DFE-BD26-5616153C273C}
	EndGlobalSection
EndGlobal
